
Microsoft Visual Studio Solution File, Format Version 12.00
# Visual Studio Version 16
VisualStudioVersion = 16.0.32126.315
MinimumVisualStudioVersion = 10.0.40219.1
Project("{2150E333-8FDC-42A3-9474-1A3956D46DE8}") = "lib", "lib", "{FD09A9DD-E951-411D-BC1A-199BEDDF8FAB}"
EndProject
Project("{9A19103F-16F7-4668-BE54-9A1E7A4F7556}") = "ArgParser", "lib\ArgParser\ArgParser.csproj", "{9F56FC5B-0471-4DF4-815F-115F3CFD392D}"
EndProject
Project("{2150E333-8FDC-42A3-9474-1A3956D46DE8}") = "src", "src", "{92E01E71-D4BB-4878-B2DE-86310A96F1E2}"
EndProject
Project("{9A19103F-16F7-4668-BE54-9A1E7A4F7556}") = "Time", "src\Time\Time.csproj", "{DFCC22B7-8E94-4313-B4ED-A0C52C50CFDB}"
EndProject
Project("{9A19103F-16F7-4668-BE54-9A1E7A4F7556}") = "SimpleExample", "src\SimpleExample\SimpleExample.csproj", "{BF521C3A-E5E7-42B9-8562-24846764ED3B}"
EndProject
Project("{9A19103F-16F7-4668-BE54-9A1E7A4F7556}") = "NumactlExample2", "src\NumactlExample2\NumactlExample2.csproj", "{C716B826-4153-4EE7-88F7-9C92F3C20D1F}"
EndProject
Project("{9A19103F-16F7-4668-BE54-9A1E7A4F7556}") = "NumactlExample1", "src\NumactlExample1\NumactlExample1.csproj", "{46852EED-50A4-4A91-9B00-B7FBCFFFF3B4}"
EndProject
Project("{9A19103F-16F7-4668-BE54-9A1E7A4F7556}") = "APITester", "test\APITester\APITester.csproj", "{11181013-CB03-41D7-92FC-70E4E9524F31}"
EndProject
Project("{2150E333-8FDC-42A3-9474-1A3956D46DE8}") = "test", "test", "{463CEADB-B87B-4812-ABAB-923839D58778}"
EndProject
Project("{9A19103F-16F7-4668-BE54-9A1E7A4F7556}") = "ArgParserTests", "test\ArgParserTests\ArgParserTests.csproj", "{EFA9CB1B-5849-4532-94A8-D4788569272E}"
EndProject
Global
	GlobalSection(SolutionConfigurationPlatforms) = preSolution
		Debug|Any CPU = Debug|Any CPU
		Debug|x64 = Debug|x64
		Debug|x86 = Debug|x86
		Release|Any CPU = Release|Any CPU
		Release|x64 = Release|x64
		Release|x86 = Release|x86
	EndGlobalSection
	GlobalSection(ProjectConfigurationPlatforms) = postSolution
		{9F56FC5B-0471-4DF4-815F-115F3CFD392D}.Debug|Any CPU.ActiveCfg = Debug|Any CPU
		{9F56FC5B-0471-4DF4-815F-115F3CFD392D}.Debug|Any CPU.Build.0 = Debug|Any CPU
		{9F56FC5B-0471-4DF4-815F-115F3CFD392D}.Debug|x64.ActiveCfg = Debug|Any CPU
		{9F56FC5B-0471-4DF4-815F-115F3CFD392D}.Debug|x64.Build.0 = Debug|Any CPU
		{9F56FC5B-0471-4DF4-815F-115F3CFD392D}.Debug|x86.ActiveCfg = Debug|Any CPU
		{9F56FC5B-0471-4DF4-815F-115F3CFD392D}.Debug|x86.Build.0 = Debug|Any CPU
		{9F56FC5B-0471-4DF4-815F-115F3CFD392D}.Release|Any CPU.ActiveCfg = Release|Any CPU
		{9F56FC5B-0471-4DF4-815F-115F3CFD392D}.Release|Any CPU.Build.0 = Release|Any CPU
		{9F56FC5B-0471-4DF4-815F-115F3CFD392D}.Release|x64.ActiveCfg = Release|Any CPU
		{9F56FC5B-0471-4DF4-815F-115F3CFD392D}.Release|x64.Build.0 = Release|Any CPU
		{9F56FC5B-0471-4DF4-815F-115F3CFD392D}.Release|x86.ActiveCfg = Release|Any CPU
		{9F56FC5B-0471-4DF4-815F-115F3CFD392D}.Release|x86.Build.0 = Release|Any CPU
		{DFCC22B7-8E94-4313-B4ED-A0C52C50CFDB}.Debug|Any CPU.ActiveCfg = Debug|Any CPU
		{DFCC22B7-8E94-4313-B4ED-A0C52C50CFDB}.Debug|Any CPU.Build.0 = Debug|Any CPU
		{DFCC22B7-8E94-4313-B4ED-A0C52C50CFDB}.Debug|x64.ActiveCfg = Debug|Any CPU
		{DFCC22B7-8E94-4313-B4ED-A0C52C50CFDB}.Debug|x64.Build.0 = Debug|Any CPU
		{DFCC22B7-8E94-4313-B4ED-A0C52C50CFDB}.Debug|x86.ActiveCfg = Debug|Any CPU
		{DFCC22B7-8E94-4313-B4ED-A0C52C50CFDB}.Debug|x86.Build.0 = Debug|Any CPU
		{DFCC22B7-8E94-4313-B4ED-A0C52C50CFDB}.Release|Any CPU.ActiveCfg = Release|Any CPU
		{DFCC22B7-8E94-4313-B4ED-A0C52C50CFDB}.Release|Any CPU.Build.0 = Release|Any CPU
		{DFCC22B7-8E94-4313-B4ED-A0C52C50CFDB}.Release|x64.ActiveCfg = Release|Any CPU
		{DFCC22B7-8E94-4313-B4ED-A0C52C50CFDB}.Release|x64.Build.0 = Release|Any CPU
		{DFCC22B7-8E94-4313-B4ED-A0C52C50CFDB}.Release|x86.ActiveCfg = Release|Any CPU
		{DFCC22B7-8E94-4313-B4ED-A0C52C50CFDB}.Release|x86.Build.0 = Release|Any CPU
		{BF521C3A-E5E7-42B9-8562-24846764ED3B}.Debug|Any CPU.ActiveCfg = Debug|Any CPU
		{BF521C3A-E5E7-42B9-8562-24846764ED3B}.Debug|Any CPU.Build.0 = Debug|Any CPU
		{BF521C3A-E5E7-42B9-8562-24846764ED3B}.Debug|x64.ActiveCfg = Debug|Any CPU
		{BF521C3A-E5E7-42B9-8562-24846764ED3B}.Debug|x64.Build.0 = Debug|Any CPU
		{BF521C3A-E5E7-42B9-8562-24846764ED3B}.Debug|x86.ActiveCfg = Debug|Any CPU
		{BF521C3A-E5E7-42B9-8562-24846764ED3B}.Debug|x86.Build.0 = Debug|Any CPU
		{BF521C3A-E5E7-42B9-8562-24846764ED3B}.Release|Any CPU.ActiveCfg = Release|Any CPU
		{BF521C3A-E5E7-42B9-8562-24846764ED3B}.Release|Any CPU.Build.0 = Release|Any CPU
		{BF521C3A-E5E7-42B9-8562-24846764ED3B}.Release|x64.ActiveCfg = Release|Any CPU
		{BF521C3A-E5E7-42B9-8562-24846764ED3B}.Release|x64.Build.0 = Release|Any CPU
		{BF521C3A-E5E7-42B9-8562-24846764ED3B}.Release|x86.ActiveCfg = Release|Any CPU
		{BF521C3A-E5E7-42B9-8562-24846764ED3B}.Release|x86.Build.0 = Release|Any CPU
		{C716B826-4153-4EE7-88F7-9C92F3C20D1F}.Debug|Any CPU.ActiveCfg = Debug|Any CPU
		{C716B826-4153-4EE7-88F7-9C92F3C20D1F}.Debug|Any CPU.Build.0 = Debug|Any CPU
		{C716B826-4153-4EE7-88F7-9C92F3C20D1F}.Debug|x64.ActiveCfg = Debug|Any CPU
		{C716B826-4153-4EE7-88F7-9C92F3C20D1F}.Debug|x64.Build.0 = Debug|Any CPU
		{C716B826-4153-4EE7-88F7-9C92F3C20D1F}.Debug|x86.ActiveCfg = Debug|Any CPU
		{C716B826-4153-4EE7-88F7-9C92F3C20D1F}.Debug|x86.Build.0 = Debug|Any CPU
		{C716B826-4153-4EE7-88F7-9C92F3C20D1F}.Release|Any CPU.ActiveCfg = Release|Any CPU
		{C716B826-4153-4EE7-88F7-9C92F3C20D1F}.Release|Any CPU.Build.0 = Release|Any CPU
		{C716B826-4153-4EE7-88F7-9C92F3C20D1F}.Release|x64.ActiveCfg = Release|Any CPU
		{C716B826-4153-4EE7-88F7-9C92F3C20D1F}.Release|x64.Build.0 = Release|Any CPU
		{C716B826-4153-4EE7-88F7-9C92F3C20D1F}.Release|x86.ActiveCfg = Release|Any CPU
		{C716B826-4153-4EE7-88F7-9C92F3C20D1F}.Release|x86.Build.0 = Release|Any CPU
		{46852EED-50A4-4A91-9B00-B7FBCFFFF3B4}.Debug|Any CPU.ActiveCfg = Debug|Any CPU
		{46852EED-50A4-4A91-9B00-B7FBCFFFF3B4}.Debug|Any CPU.Build.0 = Debug|Any CPU
		{46852EED-50A4-4A91-9B00-B7FBCFFFF3B4}.Debug|x64.ActiveCfg = Debug|Any CPU
		{46852EED-50A4-4A91-9B00-B7FBCFFFF3B4}.Debug|x64.Build.0 = Debug|Any CPU
		{46852EED-50A4-4A91-9B00-B7FBCFFFF3B4}.Debug|x86.ActiveCfg = Debug|Any CPU
		{46852EED-50A4-4A91-9B00-B7FBCFFFF3B4}.Debug|x86.Build.0 = Debug|Any CPU
		{46852EED-50A4-4A91-9B00-B7FBCFFFF3B4}.Release|Any CPU.ActiveCfg = Release|Any CPU
		{46852EED-50A4-4A91-9B00-B7FBCFFFF3B4}.Release|Any CPU.Build.0 = Release|Any CPU
		{46852EED-50A4-4A91-9B00-B7FBCFFFF3B4}.Release|x64.ActiveCfg = Release|Any CPU
		{46852EED-50A4-4A91-9B00-B7FBCFFFF3B4}.Release|x64.Build.0 = Release|Any CPU
		{46852EED-50A4-4A91-9B00-B7FBCFFFF3B4}.Release|x86.ActiveCfg = Release|Any CPU
		{46852EED-50A4-4A91-9B00-B7FBCFFFF3B4}.Release|x86.Build.0 = Release|Any CPU
		{11181013-CB03-41D7-92FC-70E4E9524F31}.Debug|Any CPU.ActiveCfg = Debug|Any CPU
		{11181013-CB03-41D7-92FC-70E4E9524F31}.Debug|Any CPU.Build.0 = Debug|Any CPU
		{11181013-CB03-41D7-92FC-70E4E9524F31}.Debug|x64.ActiveCfg = Debug|Any CPU
		{11181013-CB03-41D7-92FC-70E4E9524F31}.Debug|x64.Build.0 = Debug|Any CPU
		{11181013-CB03-41D7-92FC-70E4E9524F31}.Debug|x86.ActiveCfg = Debug|Any CPU
		{11181013-CB03-41D7-92FC-70E4E9524F31}.Debug|x86.Build.0 = Debug|Any CPU
		{11181013-CB03-41D7-92FC-70E4E9524F31}.Release|Any CPU.ActiveCfg = Release|Any CPU
		{11181013-CB03-41D7-92FC-70E4E9524F31}.Release|Any CPU.Build.0 = Release|Any CPU
		{11181013-CB03-41D7-92FC-70E4E9524F31}.Release|x64.ActiveCfg = Release|Any CPU
		{11181013-CB03-41D7-92FC-70E4E9524F31}.Release|x64.Build.0 = Release|Any CPU
		{11181013-CB03-41D7-92FC-70E4E9524F31}.Release|x86.ActiveCfg = Release|Any CPU
		{11181013-CB03-41D7-92FC-70E4E9524F31}.Release|x86.Build.0 = Release|Any CPU
		{EFA9CB1B-5849-4532-94A8-D4788569272E}.Debug|Any CPU.ActiveCfg = Debug|Any CPU
		{EFA9CB1B-5849-4532-94A8-D4788569272E}.Debug|Any CPU.Build.0 = Debug|Any CPU
		{EFA9CB1B-5849-4532-94A8-D4788569272E}.Debug|x64.ActiveCfg = Debug|Any CPU
		{EFA9CB1B-5849-4532-94A8-D4788569272E}.Debug|x64.Build.0 = Debug|Any CPU
		{EFA9CB1B-5849-4532-94A8-D4788569272E}.Debug|x86.ActiveCfg = Debug|Any CPU
		{EFA9CB1B-5849-4532-94A8-D4788569272E}.Debug|x86.Build.0 = Debug|Any CPU
		{EFA9CB1B-5849-4532-94A8-D4788569272E}.Release|Any CPU.ActiveCfg = Release|Any CPU
		{EFA9CB1B-5849-4532-94A8-D4788569272E}.Release|Any CPU.Build.0 = Release|Any CPU
		{EFA9CB1B-5849-4532-94A8-D4788569272E}.Release|x64.ActiveCfg = Release|Any CPU
		{EFA9CB1B-5849-4532-94A8-D4788569272E}.Release|x64.Build.0 = Release|Any CPU
		{EFA9CB1B-5849-4532-94A8-D4788569272E}.Release|x86.ActiveCfg = Release|Any CPU
		{EFA9CB1B-5849-4532-94A8-D4788569272E}.Release|x86.Build.0 = Release|Any CPU
	EndGlobalSection
	GlobalSection(SolutionProperties) = preSolution
		HideSolutionNode = FALSE
	EndGlobalSection
	GlobalSection(NestedProjects) = preSolution
		{9F56FC5B-0471-4DF4-815F-115F3CFD392D} = {FD09A9DD-E951-411D-BC1A-199BEDDF8FAB}
		{DFCC22B7-8E94-4313-B4ED-A0C52C50CFDB} = {92E01E71-D4BB-4878-B2DE-86310A96F1E2}
		{BF521C3A-E5E7-42B9-8562-24846764ED3B} = {92E01E71-D4BB-4878-B2DE-86310A96F1E2}
		{C716B826-4153-4EE7-88F7-9C92F3C20D1F} = {92E01E71-D4BB-4878-B2DE-86310A96F1E2}
		{46852EED-50A4-4A91-9B00-B7FBCFFFF3B4} = {92E01E71-D4BB-4878-B2DE-86310A96F1E2}
		{11181013-CB03-41D7-92FC-70E4E9524F31} = {463CEADB-B87B-4812-ABAB-923839D58778}
		{EFA9CB1B-5849-4532-94A8-D4788569272E} = {463CEADB-B87B-4812-ABAB-923839D58778}
	EndGlobalSection
	GlobalSection(ExtensibilityGlobals) = postSolution
		SolutionGuid = {43A8F935-4A43-4FC6-A73A-8C6C046CB1CB}
	EndGlobalSection
EndGlobal
